
Microsoft Visual Studio Solution File, Format Version 11.00
# Visual Studio 2010
Project("{FAE04EC0-301F-11D3-BF4B-00C04F79EFBC}") = "FKRealSvrOcxTcpSample", "FKRealSvrOcxTcpSample.csproj", "{A5BC0927-A71C-4CFC-8C37-02E1B9892358}"
EndProject
Global
	GlobalSection(SolutionConfigurationPlatforms) = preSolution
		Debug|x86 = Debug|x86
		Release|x86 = Release|x86
	EndGlobalSection
	GlobalSection(ProjectConfigurationPlatforms) = postSolution
		{A5BC0927-A71C-4CFC-8C37-02E1B9892358}.Debug|x86.ActiveCfg = Debug|x86
		{A5BC0927-A71C-4CFC-8C37-02E1B9892358}.Debug|x86.Build.0 = Debug|x86
		{A5BC0927-A71C-4CFC-8C37-02E1B9892358}.Release|x86.ActiveCfg = Release|x86
		{A5BC0927-A71C-4CFC-8C37-02E1B9892358}.Release|x86.Build.0 = Release|x86
	EndGlobalSection
	GlobalSection(SolutionProperties) = preSolution
		HideSolutionNode = FALSE
	EndGlobalSection
EndGlobal
